
Microsoft Visual Studio Solution File, Format Version 12.00
# Visual Studio Version 16
VisualStudioVersion = 16.0.31702.278
MinimumVisualStudioVersion = 10.0.40219.1
Project("{FAE04EC0-301F-11D3-BF4B-00C04F79EFBC}") = "switch_case", "switch_case\switch_case.csproj", "{F4E2DB18-FFAE-48C3-A235-3750C44DA372}"
EndProject
Global
	GlobalSection(SolutionConfigurationPlatforms) = preSolution
		Debug|Any CPU = Debug|Any CPU
		Release|Any CPU = Release|Any CPU
	EndGlobalSection
	GlobalSection(ProjectConfigurationPlatforms) = postSolution
		{F4E2DB18-FFAE-48C3-A235-3750C44DA372}.Debug|Any CPU.ActiveCfg = Debug|Any CPU
		{F4E2DB18-FFAE-48C3-A235-3750C44DA372}.Debug|Any CPU.Build.0 = Debug|Any CPU
		{F4E2DB18-FFAE-48C3-A235-3750C44DA372}.Release|Any CPU.ActiveCfg = Release|Any CPU
		{F4E2DB18-FFAE-48C3-A235-3750C44DA372}.Release|Any CPU.Build.0 = Release|Any CPU
	EndGlobalSection
	GlobalSection(SolutionProperties) = preSolution
		HideSolutionNode = FALSE
	EndGlobalSection
	GlobalSection(ExtensibilityGlobals) = postSolution
		SolutionGuid = {B0A16652-FBD2-4E3D-B378-507110199D03}
	EndGlobalSection
EndGlobal
