
Microsoft Visual Studio Solution File, Format Version 12.00
# Visual Studio Version 16
VisualStudioVersion = 16.0.31727.386
MinimumVisualStudioVersion = 10.0.40219.1
Project("{FAE04EC0-301F-11D3-BF4B-00C04F79EFBC}") = "While", "while\While.csproj", "{506CEC7B-46BF-4A19-B703-CFBC0D77A5E0}"
EndProject
Global
	GlobalSection(SolutionConfigurationPlatforms) = preSolution
		Debug|Any CPU = Debug|Any CPU
		Release|Any CPU = Release|Any CPU
	EndGlobalSection
	GlobalSection(ProjectConfigurationPlatforms) = postSolution
		{506CEC7B-46BF-4A19-B703-CFBC0D77A5E0}.Debug|Any CPU.ActiveCfg = Debug|Any CPU
		{506CEC7B-46BF-4A19-B703-CFBC0D77A5E0}.Debug|Any CPU.Build.0 = Debug|Any CPU
		{506CEC7B-46BF-4A19-B703-CFBC0D77A5E0}.Release|Any CPU.ActiveCfg = Release|Any CPU
		{506CEC7B-46BF-4A19-B703-CFBC0D77A5E0}.Release|Any CPU.Build.0 = Release|Any CPU
	EndGlobalSection
	GlobalSection(SolutionProperties) = preSolution
		HideSolutionNode = FALSE
	EndGlobalSection
	GlobalSection(ExtensibilityGlobals) = postSolution
		SolutionGuid = {57BF1991-E244-48A3-A755-326D3AA9F202}
	EndGlobalSection
EndGlobal
